// !$*UTF8*$!
{
	archiveVersion = 1;
	classes = {
	};
	objectVersion = 55;
	objects = {

/* Begin PBXBuildFile section */
		6AB7189327B8DEA700AB1356 /* bLendingApp.swift in Sources */ = {isa = PBXBuildFile; fileRef = 6AB7189227B8DEA700AB1356 /* bLendingApp.swift */; };
		6AB7189527B8DEA700AB1356 /* ContentView.swift in Sources */ = {isa = PBXBuildFile; fileRef = 6AB7189427B8DEA700AB1356 /* ContentView.swift */; };
		6AB7189727B8DEA800AB1356 /* Assets.xcassets in Resources */ = {isa = PBXBuildFile; fileRef = 6AB7189627B8DEA800AB1356 /* Assets.xcassets */; };
		6AB7189A27B8DEA800AB1356 /* Preview Assets.xcassets in Resources */ = {isa = PBXBuildFile; fileRef = 6AB7189927B8DEA800AB1356 /* Preview Assets.xcassets */; };
		6AB718A427B8DEA800AB1356 /* bLendingTests.swift in Sources */ = {isa = PBXBuildFile; fileRef = 6AB718A327B8DEA800AB1356 /* bLendingTests.swift */; };
		6AB718AE27B8DEA800AB1356 /* bLendingUITests.swift in Sources */ = {isa = PBXBuildFile; fileRef = 6AB718AD27B8DEA800AB1356 /* bLendingUITests.swift */; };
		6AB718B027B8DEA800AB1356 /* bLendingUITestsLaunchTests.swift in Sources */ = {isa = PBXBuildFile; fileRef = 6AB718AF27B8DEA800AB1356 /* bLendingUITestsLaunchTests.swift */; };
/* End PBXBuildFile section */

/* Begin PBXContainerItemProxy section */
		6AB718A027B8DEA800AB1356 /* PBXContainerItemProxy */ = {
			isa = PBXContainerItemProxy;
			containerPortal = 6AB7188727B8DEA700AB1356 /* Project object */;
			proxyType = 1;
			remoteGlobalIDString = 6AB7188E27B8DEA700AB1356;
			remoteInfo = bLending;
		};
		6AB718AA27B8DEA800AB1356 /* PBXContainerItemProxy */ = {
			isa = PBXContainerItemProxy;
			containerPortal = 6AB7188727B8DEA700AB1356 /* Project object */;
			proxyType = 1;
			remoteGlobalIDString = 6AB7188E27B8DEA700AB1356;
			remoteInfo = bLending;
		};
/* End PBXContainerItemProxy section */

/* Begin PBXFileReference section */
		6AB7188F27B8DEA700AB1356 /* bLending.app */ = {isa = PBXFileReference; explicitFileType = wrapper.application; includeInIndex = 0; path = bLending.app; sourceTree = BUILT_PRODUCTS_DIR; };
		6AB7189227B8DEA700AB1356 /* bLendingApp.swift */ = {isa = PBXFileReference; lastKnownFileType = sourcecode.swift; path = bLendingApp.swift; sourceTree = "<group>"; };
		6AB7189427B8DEA700AB1356 /* ContentView.swift */ = {isa = PBXFileReference; lastKnownFileType = sourcecode.swift; path = ContentView.swift; sourceTree = "<group>"; };
		6AB7189627B8DEA800AB1356 /* Assets.xcassets */ = {isa = PBXFileReference; lastKnownFileType = folder.assetcatalog; path = Assets.xcassets; sourceTree = "<group>"; };
		6AB7189927B8DEA800AB1356 /* Preview Assets.xcassets */ = {isa = PBXFileReference; lastKnownFileType = folder.assetcatalog; path = "Preview Assets.xcassets"; sourceTree = "<group>"; };
		6AB7189F27B8DEA800AB1356 /* bLendingTests.xctest */ = {isa = PBXFileReference; explicitFileType = wrapper.cfbundle; includeInIndex = 0; path = bLendingTests.xctest; sourceTree = BUILT_PRODUCTS_DIR; };
		6AB718A327B8DEA800AB1356 /* bLendingTests.swift */ = {isa = PBXFileReference; lastKnownFileType = sourcecode.swift; path = bLendingTests.swift; sourceTree = "<group>"; };
		6AB718A927B8DEA800AB1356 /* bLendingUITests.xctest */ = {isa = PBXFileReference; explicitFileType = wrapper.cfbundle; includeInIndex = 0; path = bLendingUITests.xctest; sourceTree = BUILT_PRODUCTS_DIR; };
		6AB718AD27B8DEA800AB1356 /* bLendingUITests.swift */ = {isa = PBXFileReference; lastKnownFileType = sourcecode.swift; path = bLendingUITests.swift; sourceTree = "<group>"; };
		6AB718AF27B8DEA800AB1356 /* bLendingUITestsLaunchTests.swift */ = {isa = PBXFileReference; lastKnownFileType = sourcecode.swift; path = bLendingUITestsLaunchTests.swift; sourceTree = "<group>"; };
/* End PBXFileReference section */

/* Begin PBXFrameworksBuildPhase section */
		6AB7188C27B8DEA700AB1356 /* Frameworks */ = {
			isa = PBXFrameworksBuildPhase;
			buildActionMask = 2147483647;
			files = (
			);
			runOnlyForDeploymentPostprocessing = 0;
		};
		6AB7189C27B8DEA800AB1356 /* Frameworks */ = {
			isa = PBXFrameworksBuildPhase;
			buildActionMask = 2147483647;
			files = (
			);
			runOnlyForDeploymentPostprocessing = 0;
		};
		6AB718A627B8DEA800AB1356 /* Frameworks */ = {
			isa = PBXFrameworksBuildPhase;
			buildActionMask = 2147483647;
			files = (
			);
			runOnlyForDeploymentPostprocessing = 0;
		};
/* End PBXFrameworksBuildPhase section */

/* Begin PBXGroup section */
		6AB7188627B8DEA700AB1356 = {
			isa = PBXGroup;
			children = (
				6AB7189127B8DEA700AB1356 /* bLending */,
				6AB718A227B8DEA800AB1356 /* bLendingTests */,
				6AB718AC27B8DEA800AB1356 /* bLendingUITests */,
				6AB7189027B8DEA700AB1356 /* Products */,
			);
			sourceTree = "<group>";
		};
		6AB7189027B8DEA700AB1356 /* Products */ = {
			isa = PBXGroup;
			children = (
				6AB7188F27B8DEA700AB1356 /* bLending.app */,
				6AB7189F27B8DEA800AB1356 /* bLendingTests.xctest */,
				6AB718A927B8DEA800AB1356 /* bLendingUITests.xctest */,
			);
			name = Products;
			sourceTree = "<group>";
		};
		6AB7189127B8DEA700AB1356 /* bLending */ = {
			isa = PBXGroup;
			children = (
				6AB7189227B8DEA700AB1356 /* bLendingApp.swift */,
				6AB7189427B8DEA700AB1356 /* ContentView.swift */,
				6AB7189627B8DEA800AB1356 /* Assets.xcassets */,
				6AB7189827B8DEA800AB1356 /* Preview Content */,
			);
			path = bLending;
			sourceTree = "<group>";
		};
		6AB7189827B8DEA800AB1356 /* Preview Content */ = {
			isa = PBXGroup;
			children = (
				6AB7189927B8DEA800AB1356 /* Preview Assets.xcassets */,
			);
			path = "Preview Content";
			sourceTree = "<group>";
		};
		6AB718A227B8DEA800AB1356 /* bLendingTests */ = {
			isa = PBXGroup;
			children = (
				6AB718A327B8DEA800AB1356 /* bLendingTests.swift */,
			);
			path = bLendingTests;
			sourceTree = "<group>";
		};
		6AB718AC27B8DEA800AB1356 /* bLendingUITests */ = {
			isa = PBXGroup;
			children = (
				6AB718AD27B8DEA800AB1356 /* bLendingUITests.swift */,
				6AB718AF27B8DEA800AB1356 /* bLendingUITestsLaunchTests.swift */,
			);
			path = bLendingUITests;
			sourceTree = "<group>";
		};
/* End PBXGroup section */

/* Begin PBXNativeTarget section */
		6AB7188E27B8DEA700AB1356 /* bLending */ = {
			isa = PBXNativeTarget;
			buildConfigurationList = 6AB718B327B8DEA800AB1356 /* Build configuration list for PBXNativeTarget "bLending" */;
			buildPhases = (
				6AB7188B27B8DEA700AB1356 /* Sources */,
				6AB7188C27B8DEA700AB1356 /* Frameworks */,
				6AB7188D27B8DEA700AB1356 /* Resources */,
			);
			buildRules = (
			);
			dependencies = (
			);
			name = bLending;
			productName = bLending;
			productReference = 6AB7188F27B8DEA700AB1356 /* bLending.app */;
			productType = "com.apple.product-type.application";
		};
		6AB7189E27B8DEA800AB1356 /* bLendingTests */ = {
			isa = PBXNativeTarget;
			buildConfigurationList = 6AB718B627B8DEA800AB1356 /* Build configuration list for PBXNativeTarget "bLendingTests" */;
			buildPhases = (
				6AB7189B27B8DEA800AB1356 /* Sources */,
				6AB7189C27B8DEA800AB1356 /* Frameworks */,
				6AB7189D27B8DEA800AB1356 /* Resources */,
			);
			buildRules = (
			);
			dependencies = (
				6AB718A127B8DEA800AB1356 /* PBXTargetDependency */,
			);
			name = bLendingTests;
			productName = bLendingTests;
			productReference = 6AB7189F27B8DEA800AB1356 /* bLendingTests.xctest */;
			productType = "com.apple.product-type.bundle.unit-test";
		};
		6AB718A827B8DEA800AB1356 /* bLendingUITests */ = {
			isa = PBXNativeTarget;
			buildConfigurationList = 6AB718B927B8DEA800AB1356 /* Build configuration list for PBXNativeTarget "bLendingUITests" */;
			buildPhases = (
				6AB718A527B8DEA800AB1356 /* Sources */,
				6AB718A627B8DEA800AB1356 /* Frameworks */,
				6AB718A727B8DEA800AB1356 /* Resources */,
			);
			buildRules = (
			);
			dependencies = (
				6AB718AB27B8DEA800AB1356 /* PBXTargetDependency */,
			);
			name = bLendingUITests;
			productName = bLendingUITests;
			productReference = 6AB718A927B8DEA800AB1356 /* bLendingUITests.xctest */;
			productType = "com.apple.product-type.bundle.ui-testing";
		};
/* End PBXNativeTarget section */

/* Begin PBXProject section */
		6AB7188727B8DEA700AB1356 /* Project object */ = {
			isa = PBXProject;
			attributes = {
				BuildIndependentTargetsInParallel = 1;
				LastSwiftUpdateCheck = 1320;
				LastUpgradeCheck = 1320;
				TargetAttributes = {
					6AB7188E27B8DEA700AB1356 = {
						CreatedOnToolsVersion = 13.2.1;
					};
					6AB7189E27B8DEA800AB1356 = {
						CreatedOnToolsVersion = 13.2.1;
						TestTargetID = 6AB7188E27B8DEA700AB1356;
					};
					6AB718A827B8DEA800AB1356 = {
						CreatedOnToolsVersion = 13.2.1;
						TestTargetID = 6AB7188E27B8DEA700AB1356;
					};
				};
			};
			buildConfigurationList = 6AB7188A27B8DEA700AB1356 /* Build configuration list for PBXProject "bLending" */;
			compatibilityVersion = "Xcode 13.0";
			developmentRegion = en;
			hasScannedForEncodings = 0;
			knownRegions = (
				en,
				Base,
			);
			mainGroup = 6AB7188627B8DEA700AB1356;
			productRefGroup = 6AB7189027B8DEA700AB1356 /* Products */;
			projectDirPath = "";
			projectRoot = "";
			targets = (
				6AB7188E27B8DEA700AB1356 /* bLending */,
				6AB7189E27B8DEA800AB1356 /* bLendingTests */,
				6AB718A827B8DEA800AB1356 /* bLendingUITests */,
			);
		};
/* End PBXProject section */

/* Begin PBXResourcesBuildPhase section */
		6AB7188D27B8DEA700AB1356 /* Resources */ = {
			isa = PBXResourcesBuildPhase;
			buildActionMask = 2147483647;
			files = (
				6AB7189A27B8DEA800AB1356 /* Preview Assets.xcassets in Resources */,
				6AB7189727B8DEA800AB1356 /* Assets.xcassets in Resources */,
			);
			runOnlyForDeploymentPostprocessing = 0;
		};
		6AB7189D27B8DEA800AB1356 /* Resources */ = {
			isa = PBXResourcesBuildPhase;
			buildActionMask = 2147483647;
			files = (
			);
			runOnlyForDeploymentPostprocessing = 0;
		};
		6AB718A727B8DEA800AB1356 /* Resources */ = {
			isa = PBXResourcesBuildPhase;
			buildActionMask = 2147483647;
			files = (
			);
			runOnlyForDeploymentPostprocessing = 0;
		};
/* End PBXResourcesBuildPhase section */

/* Begin PBXSourcesBuildPhase section */
		6AB7188B27B8DEA700AB1356 /* Sources */ = {
			isa = PBXSourcesBuildPhase;
			buildActionMask = 2147483647;
			files = (
				6AB7189527B8DEA700AB1356 /* ContentView.swift in Sources */,
				6AB7189327B8DEA700AB1356 /* bLendingApp.swift in Sources */,
			);
			runOnlyForDeploymentPostprocessing = 0;
		};
		6AB7189B27B8DEA800AB1356 /* Sources */ = {
			isa = PBXSourcesBuildPhase;
			buildActionMask = 2147483647;
			files = (
				6AB718A427B8DEA800AB1356 /* bLendingTests.swift in Sources */,
			);
			runOnlyForDeploymentPostprocessing = 0;
		};
		6AB718A527B8DEA800AB1356 /* Sources */ = {
			isa = PBXSourcesBuildPhase;
			buildActionMask = 2147483647;
			files = (
				6AB718B027B8DEA800AB1356 /* bLendingUITestsLaunchTests.swift in Sources */,
				6AB718AE27B8DEA800AB1356 /* bLendingUITests.swift in Sources */,
			);
			runOnlyForDeploymentPostprocessing = 0;
		};
/* End PBXSourcesBuildPhase section */

/* Begin PBXTargetDependency section */
		6AB718A127B8DEA800AB1356 /* PBXTargetDependency */ = {
			isa = PBXTargetDependency;
			target = 6AB7188E27B8DEA700AB1356 /* bLending */;
			targetProxy = 6AB718A027B8DEA800AB1356 /* PBXContainerItemProxy */;
		};
		6AB718AB27B8DEA800AB1356 /* PBXTargetDependency */ = {
			isa = PBXTargetDependency;
			target = 6AB7188E27B8DEA700AB1356 /* bLending */;
			targetProxy = 6AB718AA27B8DEA800AB1356 /* PBXContainerItemProxy */;
		};
/* End PBXTargetDependency section */

/* Begin XCBuildConfiguration section */
		6AB718B127B8DEA800AB1356 /* Debug */ = {
			isa = XCBuildConfiguration;
			buildSettings = {
				ALWAYS_SEARCH_USER_PATHS = NO;
				CLANG_ANALYZER_NONNULL = YES;
				CLANG_ANALYZER_NUMBER_OBJECT_CONVERSION = YES_AGGRESSIVE;
				CLANG_CXX_LANGUAGE_STANDARD = "gnu++17";
				CLANG_CXX_LIBRARY = "libc++";
				CLANG_ENABLE_MODULES = YES;
				CLANG_ENABLE_OBJC_ARC = YES;
				CLANG_ENABLE_OBJC_WEAK = YES;
				CLANG_WARN_BLOCK_CAPTURE_AUTORELEASING = YES;
				CLANG_WARN_BOOL_CONVERSION = YES;
				CLANG_WARN_COMMA = YES;
				CLANG_WARN_CONSTANT_CONVERSION = YES;
				CLANG_WARN_DEPRECATED_OBJC_IMPLEMENTATIONS = YES;
				CLANG_WARN_DIRECT_OBJC_ISA_USAGE = YES_ERROR;
				CLANG_WARN_DOCUMENTATION_COMMENTS = YES;
				CLANG_WARN_EMPTY_BODY = YES;
				CLANG_WARN_ENUM_CONVERSION = YES;
				CLANG_WARN_INFINITE_RECURSION = YES;
				CLANG_WARN_INT_CONVERSION = YES;
				CLANG_WARN_NON_LITERAL_NULL_CONVERSION = YES;
				CLANG_WARN_OBJC_IMPLICIT_RETAIN_SELF = YES;
				CLANG_WARN_OBJC_LITERAL_CONVERSION = YES;
				CLANG_WARN_OBJC_ROOT_CLASS = YES_ERROR;
				CLANG_WARN_QUOTED_INCLUDE_IN_FRAMEWORK_HEADER = YES;
				CLANG_WARN_RANGE_LOOP_ANALYSIS = YES;
				CLANG_WARN_STRICT_PROTOTYPES = YES;
				CLANG_WARN_SUSPICIOUS_MOVE = YES;
				CLANG_WARN_UNGUARDED_AVAILABILITY = YES_AGGRESSIVE;
				CLANG_WARN_UNREACHABLE_CODE = YES;
				CLANG_WARN__DUPLICATE_METHOD_MATCH = YES;
				COPY_PHASE_STRIP = NO;
				DEBUG_INFORMATION_FORMAT = dwarf;
				ENABLE_STRICT_OBJC_MSGSEND = YES;
				ENABLE_TESTABILITY = YES;
				GCC_C_LANGUAGE_STANDARD = gnu11;
				GCC_DYNAMIC_NO_PIC = NO;
				GCC_NO_COMMON_BLOCKS = YES;
				GCC_OPTIMIZATION_LEVEL = 0;
				GCC_PREPROCESSOR_DEFINITIONS = (
					"DEBUG=1",
					"$(inherited)",
				);
				GCC_WARN_64_TO_32_BIT_CONVERSION = YES;
				GCC_WARN_ABOUT_RETURN_TYPE = YES_ERROR;
				GCC_WARN_UNDECLARED_SELECTOR = YES;
				GCC_WARN_UNINITIALIZED_AUTOS = YES_AGGRESSIVE;
				GCC_WARN_UNUSED_FUNCTION = YES;
				GCC_WARN_UNUSED_VARIABLE = YES;
				IPHONEOS_DEPLOYMENT_TARGET = 15.2;
				MTL_ENABLE_DEBUG_INFO = INCLUDE_SOURCE;
				MTL_FAST_MATH = YES;
				ONLY_ACTIVE_ARCH = YES;
				SDKROOT = iphoneos;
				SWIFT_ACTIVE_COMPILATION_CONDITIONS = DEBUG;
				SWIFT_OPTIMIZATION_LEVEL = "-Onone";
			};
			name = Debug;
		};
		6AB718B227B8DEA800AB1356 /* Release */ = {
			isa = XCBuildConfiguration;
			buildSettings = {
				ALWAYS_SEARCH_USER_PATHS = NO;
				CLANG_ANALYZER_NONNULL = YES;
				CLANG_ANALYZER_NUMBER_OBJECT_CONVERSION = YES_AGGRESSIVE;
				CLANG_CXX_LANGUAGE_STANDARD = "gnu++17";
				CLANG_CXX_LIBRARY = "libc++";
				CLANG_ENABLE_MODULES = YES;
				CLANG_ENABLE_OBJC_ARC = YES;
				CLANG_ENABLE_OBJC_WEAK = YES;
				CLANG_WARN_BLOCK_CAPTURE_AUTORELEASING = YES;
				CLANG_WARN_BOOL_CONVERSION = YES;
				CLANG_WARN_COMMA = YES;
				CLANG_WARN_CONSTANT_CONVERSION = YES;
				CLANG_WARN_DEPRECATED_OBJC_IMPLEMENTATIONS = YES;
				CLANG_WARN_DIRECT_OBJC_ISA_USAGE = YES_ERROR;
				CLANG_WARN_DOCUMENTATION_COMMENTS = YES;
				CLANG_WARN_EMPTY_BODY = YES;
				CLANG_WARN_ENUM_CONVERSION = YES;
				CLANG_WARN_INFINITE_RECURSION = YES;
				CLANG_WARN_INT_CONVERSION = YES;
				CLANG_WARN_NON_LITERAL_NULL_CONVERSION = YES;
				CLANG_WARN_OBJC_IMPLICIT_RETAIN_SELF = YES;
				CLANG_WARN_OBJC_LITERAL_CONVERSION = YES;
				CLANG_WARN_OBJC_ROOT_CLASS = YES_ERROR;
				CLANG_WARN_QUOTED_INCLUDE_IN_FRAMEWORK_HEADER = YES;
				CLANG_WARN_RANGE_LOOP_ANALYSIS = YES;
				CLANG_WARN_STRICT_PROTOTYPES = YES;
				CLANG_WARN_SUSPICIOUS_MOVE = YES;
				CLANG_WARN_UNGUARDED_AVAILABILITY = YES_AGGRESSIVE;
				CLANG_WARN_UNREACHABLE_CODE = YES;
				CLANG_WARN__DUPLICATE_METHOD_MATCH = YES;
				COPY_PHASE_STRIP = NO;
				DEBUG_INFORMATION_FORMAT = "dwarf-with-dsym";
				ENABLE_NS_ASSERTIONS = NO;
				ENABLE_STRICT_OBJC_MSGSEND = YES;
				GCC_C_LANGUAGE_STANDARD = gnu11;
				GCC_NO_COMMON_BLOCKS = YES;
				GCC_WARN_64_TO_32_BIT_CONVERSION = YES;
				GCC_WARN_ABOUT_RETURN_TYPE = YES_ERROR;
				GCC_WARN_UNDECLARED_SELECTOR = YES;
				GCC_WARN_UNINITIALIZED_AUTOS = YES_AGGRESSIVE;
				GCC_WARN_UNUSED_FUNCTION = YES;
				GCC_WARN_UNUSED_VARIABLE = YES;
				IPHONEOS_DEPLOYMENT_TARGET = 15.2;
				MTL_ENABLE_DEBUG_INFO = NO;
				MTL_FAST_MATH = YES;
				SDKROOT = iphoneos;
				SWIFT_COMPILATION_MODE = wholemodule;
				SWIFT_OPTIMIZATION_LEVEL = "-O";
				VALIDATE_PRODUCT = YES;
			};
			name = Release;
		};
		6AB718B427B8DEA800AB1356 /* Debug */ = {
			isa = XCBuildConfiguration;
			buildSettings = {
				ASSETCATALOG_COMPILER_APPICON_NAME = AppIcon;
				ASSETCATALOG_COMPILER_GLOBAL_ACCENT_COLOR_NAME = AccentColor;
				CODE_SIGN_STYLE = Automatic;
				CURRENT_PROJECT_VERSION = 1;
				DEVELOPMENT_ASSET_PATHS = "\"bLending/Preview Content\"";
				DEVELOPMENT_TEAM = VFP432L792;
				ENABLE_PREVIEWS = YES;
				GENERATE_INFOPLIST_FILE = YES;
				INFOPLIST_KEY_UIApplicationSceneManifest_Generation = YES;
				INFOPLIST_KEY_UIApplicationSupportsIndirectInputEvents = YES;
				INFOPLIST_KEY_UILaunchScreen_Generation = YES;
				INFOPLIST_KEY_UISupportedInterfaceOrientations_iPad = "UIInterfaceOrientationPortrait UIInterfaceOrientationPortraitUpsideDown UIInterfaceOrientationLandscapeLeft UIInterfaceOrientationLandscapeRight";
				INFOPLIST_KEY_UISupportedInterfaceOrientations_iPhone = "UIInterfaceOrientationPortrait UIInterfaceOrientationLandscapeLeft UIInterfaceOrientationLandscapeRight";
				LD_RUNPATH_SEARCH_PATHS = (
					"$(inherited)",
					"@executable_path/Frameworks",
				);
				MARKETING_VERSION = 1.0;
				PRODUCT_BUNDLE_IDENTIFIER = bLending.bLending;
				PRODUCT_NAME = "$(TARGET_NAME)";
				SWIFT_EMIT_LOC_STRINGS = YES;
				SWIFT_VERSION = 5.0;
				TARGETED_DEVICE_FAMILY = "1,2";
			};
			name = Debug;
		};
		6AB718B527B8DEA800AB1356 /* Release */ = {
			isa = XCBuildConfiguration;
			buildSettings = {
				ASSETCATALOG_COMPILER_APPICON_NAME = AppIcon;
				ASSETCATALOG_COMPILER_GLOBAL_ACCENT_COLOR_NAME = AccentColor;
				CODE_SIGN_STYLE = Automatic;
				CURRENT_PROJECT_VERSION = 1;
				DEVELOPMENT_ASSET_PATHS = "\"bLending/Preview Content\"";
				DEVELOPMENT_TEAM = VFP432L792;
				ENABLE_PREVIEWS = YES;
				GENERATE_INFOPLIST_FILE = YES;
				INFOPLIST_KEY_UIApplicationSceneManifest_Generation = YES;
				INFOPLIST_KEY_UIApplicationSupportsIndirectInputEvents = YES;
				INFOPLIST_KEY_UILaunchScreen_Generation = YES;
				INFOPLIST_KEY_UISupportedInterfaceOrientations_iPad = "UIInterfaceOrientationPortrait UIInterfaceOrientationPortraitUpsideDown UIInterfaceOrientationLandscapeLeft UIInterfaceOrientationLandscapeRight";
				INFOPLIST_KEY_UISupportedInterfaceOrientations_iPhone = "UIInterfaceOrientationPortrait UIInterfaceOrientationLandscapeLeft UIInterfaceOrientationLandscapeRight";
				LD_RUNPATH_SEARCH_PATHS = (
					"$(inherited)",
					"@executable_path/Frameworks",
				);
				MARKETING_VERSION = 1.0;
				PRODUCT_BUNDLE_IDENTIFIER = bLending.bLending;
				PRODUCT_NAME = "$(TARGET_NAME)";
				SWIFT_EMIT_LOC_STRINGS = YES;
				SWIFT_VERSION = 5.0;
				TARGETED_DEVICE_FAMILY = "1,2";
			};
			name = Release;
		};
		6AB718B727B8DEA800AB1356 /* Debug */ = {
			isa = XCBuildConfiguration;
			buildSettings = {
				ALWAYS_EMBED_SWIFT_STANDARD_LIBRARIES = YES;
				BUNDLE_LOADER = "$(TEST_HOST)";
				CODE_SIGN_STYLE = Automatic;
				CURRENT_PROJECT_VERSION = 1;
				DEVELOPMENT_TEAM = VFP432L792;
				GENERATE_INFOPLIST_FILE = YES;
				IPHONEOS_DEPLOYMENT_TARGET = 15.2;
				MARKETING_VERSION = 1.0;
				PRODUCT_BUNDLE_IDENTIFIER = bLending.bLendingTests;
				PRODUCT_NAME = "$(TARGET_NAME)";
				SWIFT_EMIT_LOC_STRINGS = NO;
				SWIFT_VERSION = 5.0;
				TARGETED_DEVICE_FAMILY = "1,2";
				TEST_HOST = "$(BUILT_PRODUCTS_DIR)/bLending.app/bLending";
			};
			name = Debug;
		};
		6AB718B827B8DEA800AB1356 /* Release */ = {
			isa = XCBuildConfiguration;
			buildSettings = {
				ALWAYS_EMBED_SWIFT_STANDARD_LIBRARIES = YES;
				BUNDLE_LOADER = "$(TEST_HOST)";
				CODE_SIGN_STYLE = Automatic;
				CURRENT_PROJECT_VERSION = 1;
				DEVELOPMENT_TEAM = VFP432L792;
				GENERATE_INFOPLIST_FILE = YES;
				IPHONEOS_DEPLOYMENT_TARGET = 15.2;
				MARKETING_VERSION = 1.0;
				PRODUCT_BUNDLE_IDENTIFIER = bLending.bLendingTests;
				PRODUCT_NAME = "$(TARGET_NAME)";
				SWIFT_EMIT_LOC_STRINGS = NO;
				SWIFT_VERSION = 5.0;
				TARGETED_DEVICE_FAMILY = "1,2";
				TEST_HOST = "$(BUILT_PRODUCTS_DIR)/bLending.app/bLending";
			};
			name = Release;
		};
		6AB718BA27B8DEA800AB1356 /* Debug */ = {
			isa = XCBuildConfiguration;
			buildSettings = {
				ALWAYS_EMBED_SWIFT_STANDARD_LIBRARIES = YES;
				CODE_SIGN_STYLE = Automatic;
				CURRENT_PROJECT_VERSION = 1;
				DEVELOPMENT_TEAM = VFP432L792;
				GENERATE_INFOPLIST_FILE = YES;
				MARKETING_VERSION = 1.0;
				PRODUCT_BUNDLE_IDENTIFIER = bLending.bLendingUITests;
				PRODUCT_NAME = "$(TARGET_NAME)";
				SWIFT_EMIT_LOC_STRINGS = NO;
				SWIFT_VERSION = 5.0;
				TARGETED_DEVICE_FAMILY = "1,2";
				TEST_TARGET_NAME = bLending;
			};
			name = Debug;
		};
		6AB718BB27B8DEA800AB1356 /* Release */ = {
			isa = XCBuildConfiguration;
			buildSettings = {
				ALWAYS_EMBED_SWIFT_STANDARD_LIBRARIES = YES;
				CODE_SIGN_STYLE = Automatic;
				CURRENT_PROJECT_VERSION = 1;
				DEVELOPMENT_TEAM = VFP432L792;
				GENERATE_INFOPLIST_FILE = YES;
				MARKETING_VERSION = 1.0;
				PRODUCT_BUNDLE_IDENTIFIER = bLending.bLendingUITests;
				PRODUCT_NAME = "$(TARGET_NAME)";
				SWIFT_EMIT_LOC_STRINGS = NO;
				SWIFT_VERSION = 5.0;
				TARGETED_DEVICE_FAMILY = "1,2";
				TEST_TARGET_NAME = bLending;
			};
			name = Release;
		};
/* End XCBuildConfiguration section */

/* Begin XCConfigurationList section */
		6AB7188A27B8DEA700AB1356 /* Build configuration list for PBXProject "bLending" */ = {
			isa = XCConfigurationList;
			buildConfigurations = (
				6AB718B127B8DEA800AB1356 /* Debug */,
				6AB718B227B8DEA800AB1356 /* Release */,
			);
			defaultConfigurationIsVisible = 0;
			defaultConfigurationName = Release;
		};
		6AB718B327B8DEA800AB1356 /* Build configuration list for PBXNativeTarget "bLending" */ = {
			isa = XCConfigurationList;
			buildConfigurations = (
				6AB718B427B8DEA800AB1356 /* Debug */,
				6AB718B527B8DEA800AB1356 /* Release */,
			);
			defaultConfigurationIsVisible = 0;
			defaultConfigurationName = Release;
		};
		6AB718B627B8DEA800AB1356 /* Build configuration list for PBXNativeTarget "bLendingTests" */ = {
			isa = XCConfigurationList;
			buildConfigurations = (
				6AB718B727B8DEA800AB1356 /* Debug */,
				6AB718B827B8DEA800AB1356 /* Release */,
			);
			defaultConfigurationIsVisible = 0;
			defaultConfigurationName = Release;
		};
		6AB718B927B8DEA800AB1356 /* Build configuration list for PBXNativeTarget "bLendingUITests" */ = {
			isa = XCConfigurationList;
			buildConfigurations = (
				6AB718BA27B8DEA800AB1356 /* Debug */,
				6AB718BB27B8DEA800AB1356 /* Release */,
			);
			defaultConfigurationIsVisible = 0;
			defaultConfigurationName = Release;
		};
/* End XCConfigurationList section */
	};
	rootObject = 6AB7188727B8DEA700AB1356 /* Project object */;
}
